
Microsoft Visual Studio Solution File, Format Version 12.00
# Visual Studio Version 16
VisualStudioVersion = 16.0.29519.181
MinimumVisualStudioVersion = 10.0.40219.1
Project("{FAE04EC0-301F-11D3-BF4B-00C04F79EFBC}") = "cal_dll_csharp", "cal_dll_csharp\cal_dll_csharp.csproj", "{FC014A74-C2E8-4144-9CB9-0EB6AA864C5E}"
EndProject
Project("{FAE04EC0-301F-11D3-BF4B-00C04F79EFBC}") = "Calculator", "Calculator\Calculator.csproj", "{06C0B03D-C449-4C00-9C84-7D4DD5C677D5}"
EndProject
Global
	GlobalSection(SolutionConfigurationPlatforms) = preSolution
		Debug|Any CPU = Debug|Any CPU
		Debug|x64 = Debug|x64
		Debug|x86 = Debug|x86
		Release|Any CPU = Release|Any CPU
		Release|x64 = Release|x64
		Release|x86 = Release|x86
	EndGlobalSection
	GlobalSection(ProjectConfigurationPlatforms) = postSolution
		{FC014A74-C2E8-4144-9CB9-0EB6AA864C5E}.Debug|Any CPU.ActiveCfg = Debug|Any CPU
		{FC014A74-C2E8-4144-9CB9-0EB6AA864C5E}.Debug|Any CPU.Build.0 = Debug|Any CPU
		{FC014A74-C2E8-4144-9CB9-0EB6AA864C5E}.Debug|x64.ActiveCfg = Debug|Any CPU
		{FC014A74-C2E8-4144-9CB9-0EB6AA864C5E}.Debug|x64.Build.0 = Debug|Any CPU
		{FC014A74-C2E8-4144-9CB9-0EB6AA864C5E}.Debug|x86.ActiveCfg = Debug|Any CPU
		{FC014A74-C2E8-4144-9CB9-0EB6AA864C5E}.Debug|x86.Build.0 = Debug|Any CPU
		{FC014A74-C2E8-4144-9CB9-0EB6AA864C5E}.Release|Any CPU.ActiveCfg = Release|Any CPU
		{FC014A74-C2E8-4144-9CB9-0EB6AA864C5E}.Release|Any CPU.Build.0 = Release|Any CPU
		{FC014A74-C2E8-4144-9CB9-0EB6AA864C5E}.Release|x64.ActiveCfg = Release|Any CPU
		{FC014A74-C2E8-4144-9CB9-0EB6AA864C5E}.Release|x64.Build.0 = Release|Any CPU
		{FC014A74-C2E8-4144-9CB9-0EB6AA864C5E}.Release|x86.ActiveCfg = Release|Any CPU
		{FC014A74-C2E8-4144-9CB9-0EB6AA864C5E}.Release|x86.Build.0 = Release|Any CPU
		{06C0B03D-C449-4C00-9C84-7D4DD5C677D5}.Debug|Any CPU.ActiveCfg = Debug|Any CPU
		{06C0B03D-C449-4C00-9C84-7D4DD5C677D5}.Debug|Any CPU.Build.0 = Debug|Any CPU
		{06C0B03D-C449-4C00-9C84-7D4DD5C677D5}.Debug|x64.ActiveCfg = Debug|Any CPU
		{06C0B03D-C449-4C00-9C84-7D4DD5C677D5}.Debug|x64.Build.0 = Debug|Any CPU
		{06C0B03D-C449-4C00-9C84-7D4DD5C677D5}.Debug|x86.ActiveCfg = Debug|Any CPU
		{06C0B03D-C449-4C00-9C84-7D4DD5C677D5}.Debug|x86.Build.0 = Debug|Any CPU
		{06C0B03D-C449-4C00-9C84-7D4DD5C677D5}.Release|Any CPU.ActiveCfg = Release|Any CPU
		{06C0B03D-C449-4C00-9C84-7D4DD5C677D5}.Release|Any CPU.Build.0 = Release|Any CPU
		{06C0B03D-C449-4C00-9C84-7D4DD5C677D5}.Release|x64.ActiveCfg = Release|Any CPU
		{06C0B03D-C449-4C00-9C84-7D4DD5C677D5}.Release|x64.Build.0 = Release|Any CPU
		{06C0B03D-C449-4C00-9C84-7D4DD5C677D5}.Release|x86.ActiveCfg = Release|Any CPU
		{06C0B03D-C449-4C00-9C84-7D4DD5C677D5}.Release|x86.Build.0 = Release|Any CPU
	EndGlobalSection
	GlobalSection(SolutionProperties) = preSolution
		HideSolutionNode = FALSE
	EndGlobalSection
	GlobalSection(ExtensibilityGlobals) = postSolution
		SolutionGuid = {97A9D78E-8ECB-4355-A562-E44653E3CA38}
	EndGlobalSection
EndGlobal
